
Microsoft Visual Studio Solution File, Format Version 12.00
# Visual Studio Version 16
VisualStudioVersion = 16.0.31424.327
MinimumVisualStudioVersion = 10.0.40219.1
Project("{8BC9CEB8-8B4A-11D0-8D11-00A0C91BC942}") = "curs_misha", "Project1\Project1.vcxproj", "{5EA15459-A3ED-4755-8769-8A214607D4AF}"
EndProject
Project("{8BC9CEB8-8B4A-11D0-8D11-00A0C91BC942}") = "curs_oleg", "curs_oleg\curs_oleg.vcxproj", "{F4984074-D035-4F6B-B5DF-5103F759B616}"
EndProject
Project("{8BC9CEB8-8B4A-11D0-8D11-00A0C91BC942}") = "curs_svisenko", "curs_svisenko\curs_svisenko.vcxproj", "{E627ADC7-1FBD-4A13-A82E-16D6DCE3EC68}"
EndProject
Global
	GlobalSection(SolutionConfigurationPlatforms) = preSolution
		Debug|x64 = Debug|x64
		Debug|x86 = Debug|x86
		Release|x64 = Release|x64
		Release|x86 = Release|x86
	EndGlobalSection
	GlobalSection(ProjectConfigurationPlatforms) = postSolution
		{5EA15459-A3ED-4755-8769-8A214607D4AF}.Debug|x64.ActiveCfg = Debug|x64
		{5EA15459-A3ED-4755-8769-8A214607D4AF}.Debug|x64.Build.0 = Debug|x64
		{5EA15459-A3ED-4755-8769-8A214607D4AF}.Debug|x86.ActiveCfg = Debug|Win32
		{5EA15459-A3ED-4755-8769-8A214607D4AF}.Debug|x86.Build.0 = Debug|Win32
		{5EA15459-A3ED-4755-8769-8A214607D4AF}.Release|x64.ActiveCfg = Release|x64
		{5EA15459-A3ED-4755-8769-8A214607D4AF}.Release|x64.Build.0 = Release|x64
		{5EA15459-A3ED-4755-8769-8A214607D4AF}.Release|x86.ActiveCfg = Release|Win32
		{5EA15459-A3ED-4755-8769-8A214607D4AF}.Release|x86.Build.0 = Release|Win32
		{F4984074-D035-4F6B-B5DF-5103F759B616}.Debug|x64.ActiveCfg = Debug|x64
		{F4984074-D035-4F6B-B5DF-5103F759B616}.Debug|x64.Build.0 = Debug|x64
		{F4984074-D035-4F6B-B5DF-5103F759B616}.Debug|x86.ActiveCfg = Debug|Win32
		{F4984074-D035-4F6B-B5DF-5103F759B616}.Debug|x86.Build.0 = Debug|Win32
		{F4984074-D035-4F6B-B5DF-5103F759B616}.Release|x64.ActiveCfg = Release|x64
		{F4984074-D035-4F6B-B5DF-5103F759B616}.Release|x64.Build.0 = Release|x64
		{F4984074-D035-4F6B-B5DF-5103F759B616}.Release|x86.ActiveCfg = Release|Win32
		{F4984074-D035-4F6B-B5DF-5103F759B616}.Release|x86.Build.0 = Release|Win32
		{E627ADC7-1FBD-4A13-A82E-16D6DCE3EC68}.Debug|x64.ActiveCfg = Debug|x64
		{E627ADC7-1FBD-4A13-A82E-16D6DCE3EC68}.Debug|x64.Build.0 = Debug|x64
		{E627ADC7-1FBD-4A13-A82E-16D6DCE3EC68}.Debug|x86.ActiveCfg = Debug|Win32
		{E627ADC7-1FBD-4A13-A82E-16D6DCE3EC68}.Debug|x86.Build.0 = Debug|Win32
		{E627ADC7-1FBD-4A13-A82E-16D6DCE3EC68}.Release|x64.ActiveCfg = Release|x64
		{E627ADC7-1FBD-4A13-A82E-16D6DCE3EC68}.Release|x64.Build.0 = Release|x64
		{E627ADC7-1FBD-4A13-A82E-16D6DCE3EC68}.Release|x86.ActiveCfg = Release|Win32
		{E627ADC7-1FBD-4A13-A82E-16D6DCE3EC68}.Release|x86.Build.0 = Release|Win32
	EndGlobalSection
	GlobalSection(SolutionProperties) = preSolution
		HideSolutionNode = FALSE
	EndGlobalSection
	GlobalSection(ExtensibilityGlobals) = postSolution
		SolutionGuid = {EE40FB6F-BFEC-4A18-9F81-A624A11E9129}
	EndGlobalSection
EndGlobal
